// !$*UTF8*$!
{
	archiveVersion = 1;
	classes = {
	};
	objectVersion = 42;
	objects = {

/* Begin PBXBuildFile section */
		0C6D4628EE0B0D1479A20551 /* AGL.framework in Frameworks & Libraries */ = {isa = PBXBuildFile; fileRef = C6766F86E49E9C8701C8E637 /* AGL.framework */; };
		10DDFC7092B7CABFAEE9479B /* moc_heatmapwidget.cpp in Build Sources */ = {isa = PBXBuildFile; fileRef = 7A351F348CB5E24B4B6AFC86 /* moc_heatmapwidget.cpp */; settings = {ATTRIBUTES = (); }; };
		14EB63610D49995C4CA3130B /* moc_scenewidget.cpp in Build Sources */ = {isa = PBXBuildFile; fileRef = E2DD99E575504A60156822BC /* moc_scenewidget.cpp */; settings = {ATTRIBUTES = (); }; };
		24C30D167FCD284B10DB7BAF /* moc_renderwidget.cpp in Build Sources */ = {isa = PBXBuildFile; fileRef = 1F9B07DD3A9F7B5058A54448 /* moc_renderwidget.cpp */; settings = {ATTRIBUTES = (); }; };
		2627B1CC43FB0AE7C687AC69 /* imagewidget.cpp in Build Sources */ = {isa = PBXBuildFile; fileRef = 5B1DD520B96ABF1DDBA23A37 /* imagewidget.cpp */; settings = {ATTRIBUTES = (); }; };
		29C4018B99E9646C975D4C3B /* QtOpenGL.framework in Frameworks & Libraries */ = {isa = PBXBuildFile; fileRef = 0156CBB4C2D00D9DEFCBDF68 /* QtOpenGL.framework */; };
		2F09F35312A96D0644BCB8B4 /* scenewidget.cpp in Build Sources */ = {isa = PBXBuildFile; fileRef = 42363689D6C4F207A3150BFD /* scenewidget.cpp */; settings = {ATTRIBUTES = (); }; };
		3C368707103315D80BD1009A /* heatmapwidget.cpp in Build Sources */ = {isa = PBXBuildFile; fileRef = 16BBF131D4E394C43C86F444 /* heatmapwidget.cpp */; settings = {ATTRIBUTES = (); }; };
		4425F28C46B65733D1200B38 /* moc_pcwidget.cpp in Build Sources */ = {isa = PBXBuildFile; fileRef = 59F78B4A8F881208398BE7A8 /* moc_pcwidget.cpp */; settings = {ATTRIBUTES = (); }; };
		49776FFF3F684830E553ECE4 /* QtCore.framework in Frameworks & Libraries */ = {isa = PBXBuildFile; fileRef = D98F638C7798CC1DDA980D9A /* QtCore.framework */; };
		6FFE813FFE36D19F0C307231 /* QtGui.framework in Frameworks & Libraries */ = {isa = PBXBuildFile; fileRef = AA9D9004ACE84CD1D55FED5F /* QtGui.framework */; };
		A0D4D822C714DF16C686CE6C /* pcwidget.cpp in Build Sources */ = {isa = PBXBuildFile; fileRef = 2363DAD9575E694084B4CE84 /* pcwidget.cpp */; settings = {ATTRIBUTES = (); }; };
		A8726DBAB1708155C13A0A2A /* moc_window.cpp in Build Sources */ = {isa = PBXBuildFile; fileRef = 03CC4BA1004C618C58FF0257 /* moc_window.cpp */; settings = {ATTRIBUTES = (); }; };
		BCEF71E1EDFB18DA77DC750B /* OpenGL.framework in Frameworks & Libraries */ = {isa = PBXBuildFile; fileRef = DA18A6831232F53228631AD1 /* OpenGL.framework */; };
		DCA4685AD927BF2E2459D6FF /* renderwidget.cpp in Build Sources */ = {isa = PBXBuildFile; fileRef = A40978239745952832E1C4B1 /* renderwidget.cpp */; settings = {ATTRIBUTES = (); }; };
		E1E7389B19FA9A4100C3913B /* libpbrt_lib.a in Frameworks & Libraries */ = {isa = PBXBuildFile; fileRef = E1E7389A19FA9A4100C3913B /* libpbrt_lib.a */; };
		E1E7389D19FA9A4800C3913B /* libsqlite3.0.dylib in Frameworks & Libraries */ = {isa = PBXBuildFile; fileRef = E1E7389C19FA9A4800C3913B /* libsqlite3.0.dylib */; };
		E1E7389F19FA9ACA00C3913B /* GLUT.framework in Frameworks & Libraries */ = {isa = PBXBuildFile; fileRef = E1E7389E19FA9ACA00C3913B /* GLUT.framework */; };
		E1E738A119FA9B6400C3913B /* main.cpp in Build Sources */ = {isa = PBXBuildFile; fileRef = E1E738A019FA9B6400C3913B /* main.cpp */; };
		E1E738F219FA9B8100C3913B /* Cluster.cpp in Build Sources */ = {isa = PBXBuildFile; fileRef = E1E738A519FA9B8100C3913B /* Cluster.cpp */; };
		E1E738F319FA9B8100C3913B /* ClusterSet.cpp in Build Sources */ = {isa = PBXBuildFile; fileRef = E1E738A719FA9B8100C3913B /* ClusterSet.cpp */; };
		E1E738F419FA9B8100C3913B /* DataFileReader.cpp in Build Sources */ = {isa = PBXBuildFile; fileRef = E1E738A919FA9B8100C3913B /* DataFileReader.cpp */; };
		E1E738F519FA9B8100C3913B /* DataSet.cpp in Build Sources */ = {isa = PBXBuildFile; fileRef = E1E738AB19FA9B8100C3913B /* DataSet.cpp */; };
		E1E738F619FA9B8100C3913B /* Filter.cpp in Build Sources */ = {isa = PBXBuildFile; fileRef = E1E738AE19FA9B8100C3913B /* Filter.cpp */; };
		E1E738F719FA9B8100C3913B /* Iterator.cpp in Build Sources */ = {isa = PBXBuildFile; fileRef = E1E738B019FA9B8100C3913B /* Iterator.cpp */; };
		E1E738F819FA9B8100C3913B /* Record.cpp in Build Sources */ = {isa = PBXBuildFile; fileRef = E1E738B219FA9B8100C3913B /* Record.cpp */; };
		E1E738F919FA9B8100C3913B /* Reference.cpp in Build Sources */ = {isa = PBXBuildFile; fileRef = E1E738B419FA9B8100C3913B /* Reference.cpp */; };
		E1E738FA19FA9B8100C3913B /* Table.cpp in Build Sources */ = {isa = PBXBuildFile; fileRef = E1E738B619FA9B8100C3913B /* Table.cpp */; };
		E1E738FB19FA9B8100C3913B /* MeshModelGroup.cpp in Build Sources */ = {isa = PBXBuildFile; fileRef = E1E738BC19FA9B8100C3913B /* MeshModelGroup.cpp */; };
		E1E738FC19FA9B8100C3913B /* Path.cpp in Build Sources */ = {isa = PBXBuildFile; fileRef = E1E738BE19FA9B8100C3913B /* Path.cpp */; };
		E1E738FD19FA9B8100C3913B /* TriangleMesh.cpp in Build Sources */ = {isa = PBXBuildFile; fileRef = E1E738C219FA9B8100C3913B /* TriangleMesh.cpp */; };
		E1E738FE19FA9B8100C3913B /* BMPImage.cpp in Build Sources */ = {isa = PBXBuildFile; fileRef = E1E738C619FA9B8100C3913B /* BMPImage.cpp */; };
		E1E738FF19FA9B8100C3913B /* ColorMap.cpp in Build Sources */ = {isa = PBXBuildFile; fileRef = E1E738C819FA9B8100C3913B /* ColorMap.cpp */; };
		E1E7390019FA9B8100C3913B /* ColorPalette.cpp in Build Sources */ = {isa = PBXBuildFile; fileRef = E1E738CA19FA9B8100C3913B /* ColorPalette.cpp */; };
		E1E7390119FA9B8100C3913B /* loadppm.cpp in Build Sources */ = {isa = PBXBuildFile; fileRef = E1E738CF19FA9B8100C3913B /* loadppm.cpp */; };
		E1E7390219FA9B8100C3913B /* helper.cpp in Build Sources */ = {isa = PBXBuildFile; fileRef = E1E738D319FA9B8100C3913B /* helper.cpp */; };
		E1E7390419FA9B8100C3913B /* Octree.cpp in Build Sources */ = {isa = PBXBuildFile; fileRef = E1E738D719FA9B8100C3913B /* Octree.cpp */; };
		E1E7390519FA9B8100C3913B /* OctreeNode.cpp in Build Sources */ = {isa = PBXBuildFile; fileRef = E1E738DA19FA9B8100C3913B /* OctreeNode.cpp */; };
		E1E7390619FA9B8100C3913B /* PBRTConfig.cpp in Build Sources */ = {isa = PBXBuildFile; fileRef = E1E738DC19FA9B8100C3913B /* PBRTConfig.cpp */; };
		E1E7390719FA9B8100C3913B /* README.md in Build Sources */ = {isa = PBXBuildFile; fileRef = E1E738DE19FA9B8100C3913B /* README.md */; };
		E1E7390819FA9B8100C3913B /* reporter.cpp in Build Sources */ = {isa = PBXBuildFile; fileRef = E1E738DF19FA9B8100C3913B /* reporter.cpp */; };
		E1E7390919FA9B8100C3913B /* 3DView.cpp in Build Sources */ = {isa = PBXBuildFile; fileRef = E1E738E419FA9B8100C3913B /* 3DView.cpp */; };
		E1E7390A19FA9B8100C3913B /* HeatMapView.cpp in Build Sources */ = {isa = PBXBuildFile; fileRef = E1E738E719FA9B8100C3913B /* HeatMapView.cpp */; };
		E1E7390B19FA9B8100C3913B /* ImageView.cpp in Build Sources */ = {isa = PBXBuildFile; fileRef = E1E738E919FA9B8100C3913B /* ImageView.cpp */; };
		E1E7390C19FA9B8100C3913B /* ParallelCoordsAxis.cpp in Build Sources */ = {isa = PBXBuildFile; fileRef = E1E738EB19FA9B8100C3913B /* ParallelCoordsAxis.cpp */; };
		E1E7390D19FA9B8100C3913B /* ParallelCoordsView.cpp in Build Sources */ = {isa = PBXBuildFile; fileRef = E1E738EE19FA9B8100C3913B /* ParallelCoordsView.cpp */; };
		E1E7390E19FA9B8100C3913B /* RenderView.cpp in Build Sources */ = {isa = PBXBuildFile; fileRef = E1E738F019FA9B8100C3913B /* RenderView.cpp */; };
		FC203E8953C53F09233D0CFC /* window.cpp in Build Sources */ = {isa = PBXBuildFile; fileRef = 22B8EB497DD4812281107EF2 /* window.cpp */; settings = {ATTRIBUTES = (); }; };
		FC7BDB4492DF21D7120123FD /* moc_imagewidget.cpp in Build Sources */ = {isa = PBXBuildFile; fileRef = 1F8753AC528D87D28332D4B5 /* moc_imagewidget.cpp */; settings = {ATTRIBUTES = (); }; };
/* End PBXBuildFile section */

/* Begin PBXFileReference section */
		0156CBB4C2D00D9DEFCBDF68 /* QtOpenGL.framework */ = {isa = PBXFileReference; lastKnownFileType = wrapper.framework; name = QtOpenGL.framework; path = /usr/local/Cellar/qt/4.8.5/lib/QtOpenGL.framework; sourceTree = "<absolute>"; };
		03CC4BA1004C618C58FF0257 /* moc_window.cpp */ = {isa = PBXFileReference; lastKnownFileType = sourcecode.cpp.cpp; path = moc_window.cpp; sourceTree = SOURCE_ROOT; };
		09019677962D0845A1144345 /* helper.h */ = {isa = PBXFileReference; lastKnownFileType = sourcecode.c.h; name = helper.h; path = RIV/helper.h; sourceTree = SOURCE_ROOT; };
		0C115A12B15FB3B39EDF67DF /* Vec3D.h */ = {isa = PBXFileReference; lastKnownFileType = sourcecode.c.h; name = Vec3D.h; path = RIV/Geometry/Vec3D.h; sourceTree = SOURCE_ROOT; };
		0FC297EEDF5C4D78E4999505 /* Property.h */ = {isa = PBXFileReference; lastKnownFileType = sourcecode.c.h; name = Property.h; path = RIV/Graphics/Property.h; sourceTree = SOURCE_ROOT; };
		112235092972FF833416EEFB /* imagewidget.h */ = {isa = PBXFileReference; lastKnownFileType = sourcecode.c.h; path = imagewidget.h; sourceTree = SOURCE_ROOT; };
		163563C4E0DFFBA2A9CA877E /* Evaluator.h */ = {isa = PBXFileReference; lastKnownFileType = sourcecode.c.h; name = Evaluator.h; path = RIV/Graphics/Evaluator.h; sourceTree = SOURCE_ROOT; };
		16BBF131D4E394C43C86F444 /* heatmapwidget.cpp */ = {isa = PBXFileReference; lastKnownFileType = sourcecode.cpp.cpp; path = heatmapwidget.cpp; sourceTree = SOURCE_ROOT; };
		1CA7872685A6A443608C4248 /* Reference.h */ = {isa = PBXFileReference; lastKnownFileType = sourcecode.c.h; name = Reference.h; path = RIV/Data/Reference.h; sourceTree = SOURCE_ROOT; };
		1DA679E401E502280B59FE64 /* DataSetListener.h */ = {isa = PBXFileReference; lastKnownFileType = sourcecode.c.h; name = DataSetListener.h; path = RIV/Data/DataSetListener.h; sourceTree = SOURCE_ROOT; };
		1F8753AC528D87D28332D4B5 /* moc_imagewidget.cpp */ = {isa = PBXFileReference; lastKnownFileType = sourcecode.cpp.cpp; path = moc_imagewidget.cpp; sourceTree = SOURCE_ROOT; };
		1F9B07DD3A9F7B5058A54448 /* moc_renderwidget.cpp */ = {isa = PBXFileReference; lastKnownFileType = sourcecode.cpp.cpp; path = moc_renderwidget.cpp; sourceTree = SOURCE_ROOT; };
		2028E461F57CCC93A072BA51 /* ColorProperty.h */ = {isa = PBXFileReference; lastKnownFileType = sourcecode.c.h; name = ColorProperty.h; path = RIV/Graphics/ColorProperty.h; sourceTree = SOURCE_ROOT; };
		22B8EB497DD4812281107EF2 /* window.cpp */ = {isa = PBXFileReference; lastKnownFileType = sourcecode.cpp.cpp; path = window.cpp; sourceTree = SOURCE_ROOT; };
		2363DAD9575E694084B4CE84 /* pcwidget.cpp */ = {isa = PBXFileReference; lastKnownFileType = sourcecode.cpp.cpp; path = pcwidget.cpp; sourceTree = SOURCE_ROOT; };
		243CD2344EA4ECEF6BAE1865 /* scenewidget.h */ = {isa = PBXFileReference; lastKnownFileType = sourcecode.c.h; path = scenewidget.h; sourceTree = SOURCE_ROOT; };
		2643F95C41E5BE34BDF5C847 /* SizeProperty.h */ = {isa = PBXFileReference; lastKnownFileType = sourcecode.c.h; name = SizeProperty.h; path = RIV/Graphics/SizeProperty.h; sourceTree = SOURCE_ROOT; };
		2B601351BBFD3F9918188CF7 /* window.h */ = {isa = PBXFileReference; lastKnownFileType = sourcecode.c.h; path = window.h; sourceTree = SOURCE_ROOT; };
		3594C7832E7DDF7E980175EA /* ColorMap.h */ = {isa = PBXFileReference; lastKnownFileType = sourcecode.c.h; name = ColorMap.h; path = RIV/Graphics/ColorMap.h; sourceTree = SOURCE_ROOT; };
		37CB75D94B3B4A75ACF32698 /* RIVVector.h */ = {isa = PBXFileReference; lastKnownFileType = sourcecode.c.h; name = RIVVector.h; path = RIV/Geometry/RIVVector.h; sourceTree = SOURCE_ROOT; };
		3DE9D85B592B382265F50477 /* renderwidget.h */ = {isa = PBXFileReference; lastKnownFileType = sourcecode.c.h; path = renderwidget.h; sourceTree = SOURCE_ROOT; };
		42363689D6C4F207A3150BFD /* scenewidget.cpp */ = {isa = PBXFileReference; lastKnownFileType = sourcecode.cpp.cpp; path = scenewidget.cpp; sourceTree = SOURCE_ROOT; };
		463DF4912D56EDAECC6E0CEE /* matrix.h */ = {isa = PBXFileReference; lastKnownFileType = sourcecode.c.h; name = matrix.h; path = RIV/Geometry/matrix.h; sourceTree = SOURCE_ROOT; };
		4E030CFB64D8ED3C6FE91D02 /* Iterator.h */ = {isa = PBXFileReference; lastKnownFileType = sourcecode.c.h; name = Iterator.h; path = RIV/Data/Iterator.h; sourceTree = SOURCE_ROOT; };
		5327E7F87F8389F178397EC3 /* 3DView.h */ = {isa = PBXFileReference; lastKnownFileType = sourcecode.c.h; name = 3DView.h; path = RIV/Views/3DView.h; sourceTree = SOURCE_ROOT; };
		540AADC7D4CE7ED95A856BA6 /* Ray.h */ = {isa = PBXFileReference; lastKnownFileType = sourcecode.c.h; name = Ray.h; path = RIV/Geometry/Ray.h; sourceTree = SOURCE_ROOT; };
		5648F3FC627217EEC00C8EF9 /* DataView.h */ = {isa = PBXFileReference; lastKnownFileType = sourcecode.c.h; name = DataView.h; path = RIV/Views/DataView.h; sourceTree = SOURCE_ROOT; };
		56F0375F004126F877B7CB49 /* MeshModel.h */ = {isa = PBXFileReference; lastKnownFileType = sourcecode.c.h; name = MeshModel.h; path = RIV/Geometry/MeshModel.h; sourceTree = SOURCE_ROOT; };
		59F78B4A8F881208398BE7A8 /* moc_pcwidget.cpp */ = {isa = PBXFileReference; lastKnownFileType = sourcecode.cpp.cpp; path = moc_pcwidget.cpp; sourceTree = SOURCE_ROOT; };
		5B1DD520B96ABF1DDBA23A37 /* imagewidget.cpp */ = {isa = PBXFileReference; lastKnownFileType = sourcecode.cpp.cpp; path = imagewidget.cpp; sourceTree = SOURCE_ROOT; };
		5E04A563156F15C30D48D93A /* Geometry.h */ = {isa = PBXFileReference; lastKnownFileType = sourcecode.c.h; name = Geometry.h; path = RIV/Geometry/Geometry.h; sourceTree = SOURCE_ROOT; };
		612F4079E2123EEB5F3C6A7B /* qt_widgets.pro */ = {isa = PBXFileReference; lastKnownFileType = text; path = qt_widgets.pro; sourceTree = SOURCE_ROOT; };
		6743EE9723004E2A311F989E /* ImageView.h */ = {isa = PBXFileReference; lastKnownFileType = sourcecode.c.h; name = ImageView.h; path = RIV/Views/ImageView.h; sourceTree = SOURCE_ROOT; };
		75C9FDCFE0C4D5CC153F87C2 /* ParallelCoordsAxis.h */ = {isa = PBXFileReference; lastKnownFileType = sourcecode.c.h; name = ParallelCoordsAxis.h; path = RIV/Views/ParallelCoordsAxis.h; sourceTree = SOURCE_ROOT; };
		768B24295066764365077DEC /* Filter.h */ = {isa = PBXFileReference; lastKnownFileType = sourcecode.c.h; name = Filter.h; path = RIV/Data/Filter.h; sourceTree = SOURCE_ROOT; };
		7721818531EDE0881F0D9544 /* TriangleMesh.h */ = {isa = PBXFileReference; lastKnownFileType = sourcecode.c.h; name = TriangleMesh.h; path = RIV/Geometry/TriangleMesh.h; sourceTree = SOURCE_ROOT; };
		7A351F348CB5E24B4B6AFC86 /* moc_heatmapwidget.cpp */ = {isa = PBXFileReference; lastKnownFileType = sourcecode.cpp.cpp; path = moc_heatmapwidget.cpp; sourceTree = SOURCE_ROOT; };
		81B8D6EC91D9F318A587CC12 /* DataSet.h */ = {isa = PBXFileReference; lastKnownFileType = sourcecode.c.h; name = DataSet.h; path = RIV/Data/DataSet.h; sourceTree = SOURCE_ROOT; };
		82426FC425BEE6ED70EB43BC /* BMPImage.h */ = {isa = PBXFileReference; lastKnownFileType = sourcecode.c.h; name = BMPImage.h; path = RIV/Graphics/BMPImage.h; sourceTree = SOURCE_ROOT; };
		8E3E2C1FA92A9AA984A3BF5A /* graphics_helper.h */ = {isa = PBXFileReference; lastKnownFileType = sourcecode.c.h; name = graphics_helper.h; path = RIV/Graphics/graphics_helper.h; sourceTree = SOURCE_ROOT; };
		908B96F9DDFEC954D983261B /* ParallelCoordsView.h */ = {isa = PBXFileReference; lastKnownFileType = sourcecode.c.h; name = ParallelCoordsView.h; path = RIV/Views/ParallelCoordsView.h; sourceTree = SOURCE_ROOT; };
		931AC1E4654D05DDC4DF079C /* Table.h */ = {isa = PBXFileReference; lastKnownFileType = sourcecode.c.h; name = Table.h; path = RIV/Data/Table.h; sourceTree = SOURCE_ROOT; };
		938BCD59EEFC8EF37AB3CBC7 /* heatmapwidget.h */ = {isa = PBXFileReference; lastKnownFileType = sourcecode.c.h; path = heatmapwidget.h; sourceTree = SOURCE_ROOT; };
		9662D0EFF654C7597551F54B /* loadppm.h */ = {isa = PBXFileReference; lastKnownFileType = sourcecode.c.h; name = loadppm.h; path = RIV/Graphics/loadppm.h; sourceTree = SOURCE_ROOT; };
		96733A9AD1C4E062B40552B4 /* ClusterSet.h */ = {isa = PBXFileReference; lastKnownFileType = sourcecode.c.h; name = ClusterSet.h; path = RIV/Data/ClusterSet.h; sourceTree = SOURCE_ROOT; };
		985D7A3DD129AB011592F484 /* ColorPalette.h */ = {isa = PBXFileReference; lastKnownFileType = sourcecode.c.h; name = ColorPalette.h; path = RIV/Graphics/ColorPalette.h; sourceTree = SOURCE_ROOT; };
		9BD12415907C8F662CEB1D19 /* DataFileReader.h */ = {isa = PBXFileReference; lastKnownFileType = sourcecode.c.h; name = DataFileReader.h; path = RIV/Data/DataFileReader.h; sourceTree = SOURCE_ROOT; };
		A0188B957CE346C78CFADD3D /* OctreeNode.h */ = {isa = PBXFileReference; lastKnownFileType = sourcecode.c.h; name = OctreeNode.h; path = RIV/Octree/OctreeNode.h; sourceTree = SOURCE_ROOT; };
		A40978239745952832E1C4B1 /* renderwidget.cpp */ = {isa = PBXFileReference; lastKnownFileType = sourcecode.cpp.cpp; path = renderwidget.cpp; sourceTree = SOURCE_ROOT; };
		AA9D9004ACE84CD1D55FED5F /* QtGui.framework */ = {isa = PBXFileReference; lastKnownFileType = wrapper.framework; name = QtGui.framework; path = /usr/local/Cellar/qt/4.8.5/lib/QtGui.framework; sourceTree = "<absolute>"; };
		AE17F7C97E9950DD4B4FA767 /* ParallelCoordsAxisGroup.h */ = {isa = PBXFileReference; lastKnownFileType = sourcecode.c.h; name = ParallelCoordsAxisGroup.h; path = RIV/Views/ParallelCoordsAxisGroup.h; sourceTree = SOURCE_ROOT; };
		AEC0A23DB3B16D278543711B /* OctreeConfig.h */ = {isa = PBXFileReference; lastKnownFileType = sourcecode.c.h; name = OctreeConfig.h; path = RIV/Octree/OctreeConfig.h; sourceTree = SOURCE_ROOT; };
		B99085503DB1FCB74536522D /* sandbox.h */ = {isa = PBXFileReference; lastKnownFileType = sourcecode.c.h; name = sandbox.h; path = RIV/sandbox.h; sourceTree = SOURCE_ROOT; };
		C6766F86E49E9C8701C8E637 /* AGL.framework */ = {isa = PBXFileReference; lastKnownFileType = wrapper.framework; name = AGL.framework; path = /System/Library/Frameworks/AGL.framework; sourceTree = "<absolute>"; };
		C96632403FAB7CDB2CD8EC41 /* HeatMapView.h */ = {isa = PBXFileReference; lastKnownFileType = sourcecode.c.h; name = HeatMapView.h; path = RIV/Views/HeatMapView.h; sourceTree = SOURCE_ROOT; };
		CEC7F64FE1C63B9CE9AECEFA /* Record.h */ = {isa = PBXFileReference; lastKnownFileType = sourcecode.c.h; name = Record.h; path = RIV/Data/Record.h; sourceTree = SOURCE_ROOT; };
		CED87B880CB0A94EF65C5351 /* trackball.h */ = {isa = PBXFileReference; lastKnownFileType = sourcecode.c.h; name = trackball.h; path = RIV/trackball.h; sourceTree = SOURCE_ROOT; };
		D8345B3689CEC0D0B147675E /* Cluster.h */ = {isa = PBXFileReference; lastKnownFileType = sourcecode.c.h; name = Cluster.h; path = RIV/Data/Cluster.h; sourceTree = SOURCE_ROOT; };
		D98F638C7798CC1DDA980D9A /* QtCore.framework */ = {isa = PBXFileReference; lastKnownFileType = wrapper.framework; name = QtCore.framework; path = /usr/local/Cellar/qt/4.8.5/lib/QtCore.framework; sourceTree = "<absolute>"; };
		DA18A6831232F53228631AD1 /* OpenGL.framework */ = {isa = PBXFileReference; lastKnownFileType = wrapper.framework; name = OpenGL.framework; path = /System/Library/Frameworks/OpenGL.framework; sourceTree = "<absolute>"; };
		DAA031EDEE10F39B026747D2 /* reporter.h */ = {isa = PBXFileReference; lastKnownFileType = sourcecode.c.h; name = reporter.h; path = RIV/reporter.h; sourceTree = SOURCE_ROOT; };
		E101129CFDAAF539EB4DCD50 /* AntTweakBar.h */ = {isa = PBXFileReference; lastKnownFileType = sourcecode.c.h; name = AntTweakBar.h; path = RIV/AntTweakBar.h; sourceTree = SOURCE_ROOT; };
		E1E7389819FA995B00C3913B /* qt_widgets.app */ = {isa = PBXFileReference; explicitFileType = wrapper.application; includeInIndex = 0; path = qt_widgets.app; sourceTree = BUILT_PRODUCTS_DIR; };
		E1E7389A19FA9A4100C3913B /* libpbrt_lib.a */ = {isa = PBXFileReference; lastKnownFileType = archive.ar; name = libpbrt_lib.a; path = "pbrt-v2/src/build/Debug/libpbrt_lib.a"; sourceTree = SOURCE_ROOT; };
		E1E7389C19FA9A4800C3913B /* libsqlite3.0.dylib */ = {isa = PBXFileReference; lastKnownFileType = "compiled.mach-o.dylib"; name = libsqlite3.0.dylib; path = usr/lib/libsqlite3.0.dylib; sourceTree = SDKROOT; };
		E1E7389E19FA9ACA00C3913B /* GLUT.framework */ = {isa = PBXFileReference; lastKnownFileType = wrapper.framework; name = GLUT.framework; path = System/Library/Frameworks/GLUT.framework; sourceTree = SDKROOT; };
		E1E738A019FA9B6400C3913B /* main.cpp */ = {isa = PBXFileReference; fileEncoding = 4; lastKnownFileType = sourcecode.cpp.cpp; path = main.cpp; sourceTree = SOURCE_ROOT; };
		E1E738A319FA9B8100C3913B /* AntTweakBar.h */ = {isa = PBXFileReference; fileEncoding = 4; lastKnownFileType = sourcecode.c.h; path = AntTweakBar.h; sourceTree = "<group>"; };
		E1E738A519FA9B8100C3913B /* Cluster.cpp */ = {isa = PBXFileReference; fileEncoding = 4; lastKnownFileType = sourcecode.cpp.cpp; path = Cluster.cpp; sourceTree = "<group>"; };
		E1E738A619FA9B8100C3913B /* Cluster.h */ = {isa = PBXFileReference; fileEncoding = 4; lastKnownFileType = sourcecode.c.h; path = Cluster.h; sourceTree = "<group>"; };
		E1E738A719FA9B8100C3913B /* ClusterSet.cpp */ = {isa = PBXFileReference; fileEncoding = 4; lastKnownFileType = sourcecode.cpp.cpp; path = ClusterSet.cpp; sourceTree = "<group>"; };
		E1E738A819FA9B8100C3913B /* ClusterSet.h */ = {isa = PBXFileReference; fileEncoding = 4; lastKnownFileType = sourcecode.c.h; path = ClusterSet.h; sourceTree = "<group>"; };
		E1E738A919FA9B8100C3913B /* DataFileReader.cpp */ = {isa = PBXFileReference; fileEncoding = 4; lastKnownFileType = sourcecode.cpp.cpp; path = DataFileReader.cpp; sourceTree = "<group>"; };
		E1E738AA19FA9B8100C3913B /* DataFileReader.h */ = {isa = PBXFileReference; fileEncoding = 4; lastKnownFileType = sourcecode.c.h; path = DataFileReader.h; sourceTree = "<group>"; };
		E1E738AB19FA9B8100C3913B /* DataSet.cpp */ = {isa = PBXFileReference; fileEncoding = 4; lastKnownFileType = sourcecode.cpp.cpp; path = DataSet.cpp; sourceTree = "<group>"; };
		E1E738AC19FA9B8100C3913B /* DataSet.h */ = {isa = PBXFileReference; fileEncoding = 4; lastKnownFileType = sourcecode.c.h; path = DataSet.h; sourceTree = "<group>"; };
		E1E738AD19FA9B8100C3913B /* DataSetListener.h */ = {isa = PBXFileReference; fileEncoding = 4; lastKnownFileType = sourcecode.c.h; path = DataSetListener.h; sourceTree = "<group>"; };
		E1E738AE19FA9B8100C3913B /* Filter.cpp */ = {isa = PBXFileReference; fileEncoding = 4; lastKnownFileType = sourcecode.cpp.cpp; path = Filter.cpp; sourceTree = "<group>"; };
		E1E738AF19FA9B8100C3913B /* Filter.h */ = {isa = PBXFileReference; fileEncoding = 4; lastKnownFileType = sourcecode.c.h; path = Filter.h; sourceTree = "<group>"; };
		E1E738B019FA9B8100C3913B /* Iterator.cpp */ = {isa = PBXFileReference; fileEncoding = 4; lastKnownFileType = sourcecode.cpp.cpp; path = Iterator.cpp; sourceTree = "<group>"; };
		E1E738B119FA9B8100C3913B /* Iterator.h */ = {isa = PBXFileReference; fileEncoding = 4; lastKnownFileType = sourcecode.c.h; path = Iterator.h; sourceTree = "<group>"; };
		E1E738B219FA9B8100C3913B /* Record.cpp */ = {isa = PBXFileReference; fileEncoding = 4; lastKnownFileType = sourcecode.cpp.cpp; path = Record.cpp; sourceTree = "<group>"; };
		E1E738B319FA9B8100C3913B /* Record.h */ = {isa = PBXFileReference; fileEncoding = 4; lastKnownFileType = sourcecode.c.h; path = Record.h; sourceTree = "<group>"; };
		E1E738B419FA9B8100C3913B /* Reference.cpp */ = {isa = PBXFileReference; fileEncoding = 4; lastKnownFileType = sourcecode.cpp.cpp; path = Reference.cpp; sourceTree = "<group>"; };
		E1E738B519FA9B8100C3913B /* Reference.h */ = {isa = PBXFileReference; fileEncoding = 4; lastKnownFileType = sourcecode.c.h; path = Reference.h; sourceTree = "<group>"; };
		E1E738B619FA9B8100C3913B /* Table.cpp */ = {isa = PBXFileReference; fileEncoding = 4; lastKnownFileType = sourcecode.cpp.cpp; path = Table.cpp; sourceTree = "<group>"; };
		E1E738B719FA9B8100C3913B /* Table.h */ = {isa = PBXFileReference; fileEncoding = 4; lastKnownFileType = sourcecode.c.h; path = Table.h; sourceTree = "<group>"; };
		E1E738B919FA9B8100C3913B /* Geometry.h */ = {isa = PBXFileReference; fileEncoding = 4; lastKnownFileType = sourcecode.c.h; path = Geometry.h; sourceTree = "<group>"; };
		E1E738BA19FA9B8100C3913B /* matrix.h */ = {isa = PBXFileReference; fileEncoding = 4; lastKnownFileType = sourcecode.c.h; path = matrix.h; sourceTree = "<group>"; };
		E1E738BB19FA9B8100C3913B /* MeshModel.h */ = {isa = PBXFileReference; fileEncoding = 4; lastKnownFileType = sourcecode.c.h; path = MeshModel.h; sourceTree = "<group>"; };
		E1E738BC19FA9B8100C3913B /* MeshModelGroup.cpp */ = {isa = PBXFileReference; fileEncoding = 4; lastKnownFileType = sourcecode.cpp.cpp; path = MeshModelGroup.cpp; sourceTree = "<group>"; };
		E1E738BD19FA9B8100C3913B /* MeshModelGroup.h */ = {isa = PBXFileReference; fileEncoding = 4; lastKnownFileType = sourcecode.c.h; path = MeshModelGroup.h; sourceTree = "<group>"; };
		E1E738BE19FA9B8100C3913B /* Path.cpp */ = {isa = PBXFileReference; fileEncoding = 4; lastKnownFileType = sourcecode.cpp.cpp; path = Path.cpp; sourceTree = "<group>"; };
		E1E738BF19FA9B8100C3913B /* Path.h */ = {isa = PBXFileReference; fileEncoding = 4; lastKnownFileType = sourcecode.c.h; path = Path.h; sourceTree = "<group>"; };
		E1E738C019FA9B8100C3913B /* Ray.h */ = {isa = PBXFileReference; fileEncoding = 4; lastKnownFileType = sourcecode.c.h; path = Ray.h; sourceTree = "<group>"; };
		E1E738C119FA9B8100C3913B /* RIVVector.h */ = {isa = PBXFileReference; fileEncoding = 4; lastKnownFileType = sourcecode.c.h; path = RIVVector.h; sourceTree = "<group>"; };
		E1E738C219FA9B8100C3913B /* TriangleMesh.cpp */ = {isa = PBXFileReference; fileEncoding = 4; lastKnownFileType = sourcecode.cpp.cpp; path = TriangleMesh.cpp; sourceTree = "<group>"; };
		E1E738C319FA9B8100C3913B /* TriangleMesh.h */ = {isa = PBXFileReference; fileEncoding = 4; lastKnownFileType = sourcecode.c.h; path = TriangleMesh.h; sourceTree = "<group>"; };
		E1E738C419FA9B8100C3913B /* Vec3D.h */ = {isa = PBXFileReference; fileEncoding = 4; lastKnownFileType = sourcecode.c.h; path = Vec3D.h; sourceTree = "<group>"; };
		E1E738C619FA9B8100C3913B /* BMPImage.cpp */ = {isa = PBXFileReference; fileEncoding = 4; lastKnownFileType = sourcecode.cpp.cpp; path = BMPImage.cpp; sourceTree = "<group>"; };
		E1E738C719FA9B8100C3913B /* BMPImage.h */ = {isa = PBXFileReference; fileEncoding = 4; lastKnownFileType = sourcecode.c.h; path = BMPImage.h; sourceTree = "<group>"; };
		E1E738C819FA9B8100C3913B /* ColorMap.cpp */ = {isa = PBXFileReference; fileEncoding = 4; lastKnownFileType = sourcecode.cpp.cpp; path = ColorMap.cpp; sourceTree = "<group>"; };
		E1E738C919FA9B8100C3913B /* ColorMap.h */ = {isa = PBXFileReference; fileEncoding = 4; lastKnownFileType = sourcecode.c.h; path = ColorMap.h; sourceTree = "<group>"; };
		E1E738CA19FA9B8100C3913B /* ColorPalette.cpp */ = {isa = PBXFileReference; fileEncoding = 4; lastKnownFileType = sourcecode.cpp.cpp; path = ColorPalette.cpp; sourceTree = "<group>"; };
		E1E738CB19FA9B8100C3913B /* ColorPalette.h */ = {isa = PBXFileReference; fileEncoding = 4; lastKnownFileType = sourcecode.c.h; path = ColorPalette.h; sourceTree = "<group>"; };
		E1E738CC19FA9B8100C3913B /* ColorProperty.h */ = {isa = PBXFileReference; fileEncoding = 4; lastKnownFileType = sourcecode.c.h; path = ColorProperty.h; sourceTree = "<group>"; };
		E1E738CD19FA9B8100C3913B /* Evaluator.h */ = {isa = PBXFileReference; fileEncoding = 4; lastKnownFileType = sourcecode.c.h; path = Evaluator.h; sourceTree = "<group>"; };
		E1E738CE19FA9B8100C3913B /* graphics_helper.h */ = {isa = PBXFileReference; fileEncoding = 4; lastKnownFileType = sourcecode.c.h; path = graphics_helper.h; sourceTree = "<group>"; };
		E1E738CF19FA9B8100C3913B /* loadppm.cpp */ = {isa = PBXFileReference; fileEncoding = 4; lastKnownFileType = sourcecode.cpp.cpp; path = loadppm.cpp; sourceTree = "<group>"; };
		E1E738D019FA9B8100C3913B /* loadppm.h */ = {isa = PBXFileReference; fileEncoding = 4; lastKnownFileType = sourcecode.c.h; path = loadppm.h; sourceTree = "<group>"; };
		E1E738D119FA9B8100C3913B /* Property.h */ = {isa = PBXFileReference; fileEncoding = 4; lastKnownFileType = sourcecode.c.h; path = Property.h; sourceTree = "<group>"; };
		E1E738D219FA9B8100C3913B /* SizeProperty.h */ = {isa = PBXFileReference; fileEncoding = 4; lastKnownFileType = sourcecode.c.h; path = SizeProperty.h; sourceTree = "<group>"; };
		E1E738D319FA9B8100C3913B /* helper.cpp */ = {isa = PBXFileReference; fileEncoding = 4; lastKnownFileType = sourcecode.cpp.cpp; path = helper.cpp; sourceTree = "<group>"; };
		E1E738D419FA9B8100C3913B /* helper.h */ = {isa = PBXFileReference; fileEncoding = 4; lastKnownFileType = sourcecode.c.h; path = helper.h; sourceTree = "<group>"; };
		E1E738D719FA9B8100C3913B /* Octree.cpp */ = {isa = PBXFileReference; fileEncoding = 4; lastKnownFileType = sourcecode.cpp.cpp; path = Octree.cpp; sourceTree = "<group>"; };
		E1E738D819FA9B8100C3913B /* Octree.h */ = {isa = PBXFileReference; fileEncoding = 4; lastKnownFileType = sourcecode.c.h; path = Octree.h; sourceTree = "<group>"; };
		E1E738D919FA9B8100C3913B /* OctreeConfig.h */ = {isa = PBXFileReference; fileEncoding = 4; lastKnownFileType = sourcecode.c.h; path = OctreeConfig.h; sourceTree = "<group>"; };
		E1E738DA19FA9B8100C3913B /* OctreeNode.cpp */ = {isa = PBXFileReference; fileEncoding = 4; lastKnownFileType = sourcecode.cpp.cpp; path = OctreeNode.cpp; sourceTree = "<group>"; };
		E1E738DB19FA9B8100C3913B /* OctreeNode.h */ = {isa = PBXFileReference; fileEncoding = 4; lastKnownFileType = sourcecode.c.h; path = OctreeNode.h; sourceTree = "<group>"; };
		E1E738DC19FA9B8100C3913B /* PBRTConfig.cpp */ = {isa = PBXFileReference; fileEncoding = 4; lastKnownFileType = sourcecode.cpp.cpp; path = PBRTConfig.cpp; sourceTree = "<group>"; };
		E1E738DD19FA9B8100C3913B /* PBRTConfig.h */ = {isa = PBXFileReference; fileEncoding = 4; lastKnownFileType = sourcecode.c.h; path = PBRTConfig.h; sourceTree = "<group>"; };
		E1E738DE19FA9B8100C3913B /* README.md */ = {isa = PBXFileReference; fileEncoding = 4; lastKnownFileType = net.daringfireball.markdown; path = README.md; sourceTree = "<group>"; };
		E1E738DF19FA9B8100C3913B /* reporter.cpp */ = {isa = PBXFileReference; fileEncoding = 4; lastKnownFileType = sourcecode.cpp.cpp; path = reporter.cpp; sourceTree = "<group>"; };
		E1E738E019FA9B8100C3913B /* reporter.h */ = {isa = PBXFileReference; fileEncoding = 4; lastKnownFileType = sourcecode.c.h; path = reporter.h; sourceTree = "<group>"; };
		E1E738E119FA9B8100C3913B /* sandbox.h */ = {isa = PBXFileReference; fileEncoding = 4; lastKnownFileType = sourcecode.c.h; path = sandbox.h; sourceTree = "<group>"; };
		E1E738E219FA9B8100C3913B /* trackball.h */ = {isa = PBXFileReference; fileEncoding = 4; lastKnownFileType = sourcecode.c.h; path = trackball.h; sourceTree = "<group>"; };
		E1E738E419FA9B8100C3913B /* 3DView.cpp */ = {isa = PBXFileReference; fileEncoding = 4; lastKnownFileType = sourcecode.cpp.cpp; path = 3DView.cpp; sourceTree = "<group>"; };
		E1E738E519FA9B8100C3913B /* 3DView.h */ = {isa = PBXFileReference; fileEncoding = 4; lastKnownFileType = sourcecode.c.h; path = 3DView.h; sourceTree = "<group>"; };
		E1E738E619FA9B8100C3913B /* DataView.h */ = {isa = PBXFileReference; fileEncoding = 4; lastKnownFileType = sourcecode.c.h; path = DataView.h; sourceTree = "<group>"; };
		E1E738E719FA9B8100C3913B /* HeatMapView.cpp */ = {isa = PBXFileReference; fileEncoding = 4; lastKnownFileType = sourcecode.cpp.cpp; path = HeatMapView.cpp; sourceTree = "<group>"; };
		E1E738E819FA9B8100C3913B /* HeatMapView.h */ = {isa = PBXFileReference; fileEncoding = 4; lastKnownFileType = sourcecode.c.h; path = HeatMapView.h; sourceTree = "<group>"; };
		E1E738E919FA9B8100C3913B /* ImageView.cpp */ = {isa = PBXFileReference; fileEncoding = 4; lastKnownFileType = sourcecode.cpp.cpp; path = ImageView.cpp; sourceTree = "<group>"; };
		E1E738EA19FA9B8100C3913B /* ImageView.h */ = {isa = PBXFileReference; fileEncoding = 4; lastKnownFileType = sourcecode.c.h; path = ImageView.h; sourceTree = "<group>"; };
		E1E738EB19FA9B8100C3913B /* ParallelCoordsAxis.cpp */ = {isa = PBXFileReference; fileEncoding = 4; lastKnownFileType = sourcecode.cpp.cpp; path = ParallelCoordsAxis.cpp; sourceTree = "<group>"; };
		E1E738EC19FA9B8100C3913B /* ParallelCoordsAxis.h */ = {isa = PBXFileReference; fileEncoding = 4; lastKnownFileType = sourcecode.c.h; path = ParallelCoordsAxis.h; sourceTree = "<group>"; };
		E1E738ED19FA9B8100C3913B /* ParallelCoordsAxisGroup.h */ = {isa = PBXFileReference; fileEncoding = 4; lastKnownFileType = sourcecode.c.h; path = ParallelCoordsAxisGroup.h; sourceTree = "<group>"; };
		E1E738EE19FA9B8100C3913B /* ParallelCoordsView.cpp */ = {isa = PBXFileReference; fileEncoding = 4; lastKnownFileType = sourcecode.cpp.cpp; path = ParallelCoordsView.cpp; sourceTree = "<group>"; };
		E1E738EF19FA9B8100C3913B /* ParallelCoordsView.h */ = {isa = PBXFileReference; fileEncoding = 4; lastKnownFileType = sourcecode.c.h; path = ParallelCoordsView.h; sourceTree = "<group>"; };
		E1E738F019FA9B8100C3913B /* RenderView.cpp */ = {isa = PBXFileReference; fileEncoding = 4; lastKnownFileType = sourcecode.cpp.cpp; path = RenderView.cpp; sourceTree = "<group>"; };
		E1E738F119FA9B8100C3913B /* RenderView.h */ = {isa = PBXFileReference; fileEncoding = 4; lastKnownFileType = sourcecode.c.h; path = RenderView.h; sourceTree = "<group>"; };
		E2DD99E575504A60156822BC /* moc_scenewidget.cpp */ = {isa = PBXFileReference; lastKnownFileType = sourcecode.cpp.cpp; path = moc_scenewidget.cpp; sourceTree = SOURCE_ROOT; };
		FCB1F44E0D8070314B60959B /* Octree.h */ = {isa = PBXFileReference; lastKnownFileType = sourcecode.c.h; name = Octree.h; path = RIV/Octree/Octree.h; sourceTree = SOURCE_ROOT; };
		FFCCDC69F008F44FD4F00367 /* pcwidget.h */ = {isa = PBXFileReference; lastKnownFileType = sourcecode.c.h; path = pcwidget.h; sourceTree = SOURCE_ROOT; };
/* End PBXFileReference section */

/* Begin PBXFrameworksBuildPhase section */
		2A1043669E6E5A7426EA502A /* Frameworks & Libraries */ = {
			isa = PBXFrameworksBuildPhase;
			buildActionMask = 2147483647;
			files = (
				E1E7389F19FA9ACA00C3913B /* GLUT.framework in Frameworks & Libraries */,
				E1E7389D19FA9A4800C3913B /* libsqlite3.0.dylib in Frameworks & Libraries */,
				E1E7389B19FA9A4100C3913B /* libpbrt_lib.a in Frameworks & Libraries */,
				29C4018B99E9646C975D4C3B /* QtOpenGL.framework in Frameworks & Libraries */,
				6FFE813FFE36D19F0C307231 /* QtGui.framework in Frameworks & Libraries */,
				49776FFF3F684830E553ECE4 /* QtCore.framework in Frameworks & Libraries */,
				BCEF71E1EDFB18DA77DC750B /* OpenGL.framework in Frameworks & Libraries */,
				0C6D4628EE0B0D1479A20551 /* AGL.framework in Frameworks & Libraries */,
			);
			name = "Frameworks & Libraries";
			runOnlyForDeploymentPostprocessing = 0;
		};
/* End PBXFrameworksBuildPhase section */

/* Begin PBXGroup section */
		05596AB53D8D521C69802C27 /* qt_widgets */ = {
			isa = PBXGroup;
			children = (
				E1E738A019FA9B6400C3913B /* main.cpp */,
				E1E7389E19FA9ACA00C3913B /* GLUT.framework */,
				E1E7389C19FA9A4800C3913B /* libsqlite3.0.dylib */,
				E1E7389A19FA9A4100C3913B /* libpbrt_lib.a */,
				FB61758D0F0FDA4BA867C3D5 /* Sources */,
				46E892BBB6BB6952967E0561 /* Temporary Sources */,
				883D7615C4D2DE3FA1218F12 /* Headers */,
				7CABE3C80E79AD2B307756D2 /* Sources [qmake] */,
				ED1E82605DD74B483AF3C982 /* External Frameworks and Libraries */,
				E1E7389919FA995B00C3913B /* Products */,
			);
			name = qt_widgets;
			sourceTree = "<Group>";
		};
		3608CB1EC3F0570B679F98A9 /* Data */ = {
			isa = PBXGroup;
			children = (
				D8345B3689CEC0D0B147675E /* Cluster.h */,
				96733A9AD1C4E062B40552B4 /* ClusterSet.h */,
				9BD12415907C8F662CEB1D19 /* DataFileReader.h */,
				81B8D6EC91D9F318A587CC12 /* DataSet.h */,
				1DA679E401E502280B59FE64 /* DataSetListener.h */,
				768B24295066764365077DEC /* Filter.h */,
				4E030CFB64D8ED3C6FE91D02 /* Iterator.h */,
				CEC7F64FE1C63B9CE9AECEFA /* Record.h */,
				1CA7872685A6A443608C4248 /* Reference.h */,
				931AC1E4654D05DDC4DF079C /* Table.h */,
			);
			name = Data;
			sourceTree = "<Group>";
		};
		46E892BBB6BB6952967E0561 /* Temporary Sources */ = {
			isa = PBXGroup;
			children = (
				E2DD99E575504A60156822BC /* moc_scenewidget.cpp */,
				1F8753AC528D87D28332D4B5 /* moc_imagewidget.cpp */,
				7A351F348CB5E24B4B6AFC86 /* moc_heatmapwidget.cpp */,
				03CC4BA1004C618C58FF0257 /* moc_window.cpp */,
				59F78B4A8F881208398BE7A8 /* moc_pcwidget.cpp */,
				1F9B07DD3A9F7B5058A54448 /* moc_renderwidget.cpp */,
			);
			name = "Temporary Sources";
			sourceTree = "<Group>";
		};
		6E193108F14FCD907071A910 /* Views */ = {
			isa = PBXGroup;
			children = (
				5327E7F87F8389F178397EC3 /* 3DView.h */,
				5648F3FC627217EEC00C8EF9 /* DataView.h */,
				C96632403FAB7CDB2CD8EC41 /* HeatMapView.h */,
				6743EE9723004E2A311F989E /* ImageView.h */,
				75C9FDCFE0C4D5CC153F87C2 /* ParallelCoordsAxis.h */,
				AE17F7C97E9950DD4B4FA767 /* ParallelCoordsAxisGroup.h */,
				908B96F9DDFEC954D983261B /* ParallelCoordsView.h */,
			);
			name = Views;
			sourceTree = "<Group>";
		};
		721A19303339407EE857021C /* RIV */ = {
			isa = PBXGroup;
			children = (
				3608CB1EC3F0570B679F98A9 /* Data */,
				ED52FE23E4691EF0078B5BF7 /* Geometry */,
				DE7EF17BB97C2D60A211BB04 /* Graphics */,
				E06BA4A98101045CAA5D507C /* Octree */,
				6E193108F14FCD907071A910 /* Views */,
				E101129CFDAAF539EB4DCD50 /* AntTweakBar.h */,
				09019677962D0845A1144345 /* helper.h */,
				DAA031EDEE10F39B026747D2 /* reporter.h */,
				B99085503DB1FCB74536522D /* sandbox.h */,
				CED87B880CB0A94EF65C5351 /* trackball.h */,
			);
			name = RIV;
			sourceTree = "<Group>";
		};
		7CABE3C80E79AD2B307756D2 /* Sources [qmake] */ = {
			isa = PBXGroup;
			children = (
				612F4079E2123EEB5F3C6A7B /* qt_widgets.pro */,
			);
			name = "Sources [qmake]";
			sourceTree = "<Group>";
		};
		883D7615C4D2DE3FA1218F12 /* Headers */ = {
			isa = PBXGroup;
			children = (
				243CD2344EA4ECEF6BAE1865 /* scenewidget.h */,
				721A19303339407EE857021C /* RIV */,
				112235092972FF833416EEFB /* imagewidget.h */,
				938BCD59EEFC8EF37AB3CBC7 /* heatmapwidget.h */,
				2B601351BBFD3F9918188CF7 /* window.h */,
				FFCCDC69F008F44FD4F00367 /* pcwidget.h */,
				3DE9D85B592B382265F50477 /* renderwidget.h */,
			);
			name = Headers;
			sourceTree = "<Group>";
		};
		DE7EF17BB97C2D60A211BB04 /* Graphics */ = {
			isa = PBXGroup;
			children = (
				82426FC425BEE6ED70EB43BC /* BMPImage.h */,
				3594C7832E7DDF7E980175EA /* ColorMap.h */,
				985D7A3DD129AB011592F484 /* ColorPalette.h */,
				2028E461F57CCC93A072BA51 /* ColorProperty.h */,
				163563C4E0DFFBA2A9CA877E /* Evaluator.h */,
				8E3E2C1FA92A9AA984A3BF5A /* graphics_helper.h */,
				9662D0EFF654C7597551F54B /* loadppm.h */,
				0FC297EEDF5C4D78E4999505 /* Property.h */,
				2643F95C41E5BE34BDF5C847 /* SizeProperty.h */,
			);
			name = Graphics;
			sourceTree = "<Group>";
		};
		E06BA4A98101045CAA5D507C /* Octree */ = {
			isa = PBXGroup;
			children = (
				FCB1F44E0D8070314B60959B /* Octree.h */,
				AEC0A23DB3B16D278543711B /* OctreeConfig.h */,
				A0188B957CE346C78CFADD3D /* OctreeNode.h */,
			);
			name = Octree;
			sourceTree = "<Group>";
		};
		E1E7389919FA995B00C3913B /* Products */ = {
			isa = PBXGroup;
			children = (
				E1E7389819FA995B00C3913B /* qt_widgets.app */,
			);
			name = Products;
			sourceTree = "<group>";
		};
		E1E738A219FA9B8100C3913B /* RIV */ = {
			isa = PBXGroup;
			children = (
				E1E738A319FA9B8100C3913B /* AntTweakBar.h */,
				E1E738A419FA9B8100C3913B /* Data */,
				E1E738B819FA9B8100C3913B /* Geometry */,
				E1E738C519FA9B8100C3913B /* Graphics */,
				E1E738D319FA9B8100C3913B /* helper.cpp */,
				E1E738D419FA9B8100C3913B /* helper.h */,
				E1E738D619FA9B8100C3913B /* Octree */,
				E1E738DC19FA9B8100C3913B /* PBRTConfig.cpp */,
				E1E738DD19FA9B8100C3913B /* PBRTConfig.h */,
				E1E738DE19FA9B8100C3913B /* README.md */,
				E1E738DF19FA9B8100C3913B /* reporter.cpp */,
				E1E738E019FA9B8100C3913B /* reporter.h */,
				E1E738E119FA9B8100C3913B /* sandbox.h */,
				E1E738E219FA9B8100C3913B /* trackball.h */,
				E1E738E319FA9B8100C3913B /* Views */,
			);
			path = RIV;
			sourceTree = SOURCE_ROOT;
		};
		E1E738A419FA9B8100C3913B /* Data */ = {
			isa = PBXGroup;
			children = (
				E1E738A519FA9B8100C3913B /* Cluster.cpp */,
				E1E738A619FA9B8100C3913B /* Cluster.h */,
				E1E738A719FA9B8100C3913B /* ClusterSet.cpp */,
				E1E738A819FA9B8100C3913B /* ClusterSet.h */,
				E1E738A919FA9B8100C3913B /* DataFileReader.cpp */,
				E1E738AA19FA9B8100C3913B /* DataFileReader.h */,
				E1E738AB19FA9B8100C3913B /* DataSet.cpp */,
				E1E738AC19FA9B8100C3913B /* DataSet.h */,
				E1E738AD19FA9B8100C3913B /* DataSetListener.h */,
				E1E738AE19FA9B8100C3913B /* Filter.cpp */,
				E1E738AF19FA9B8100C3913B /* Filter.h */,
				E1E738B019FA9B8100C3913B /* Iterator.cpp */,
				E1E738B119FA9B8100C3913B /* Iterator.h */,
				E1E738B219FA9B8100C3913B /* Record.cpp */,
				E1E738B319FA9B8100C3913B /* Record.h */,
				E1E738B419FA9B8100C3913B /* Reference.cpp */,
				E1E738B519FA9B8100C3913B /* Reference.h */,
				E1E738B619FA9B8100C3913B /* Table.cpp */,
				E1E738B719FA9B8100C3913B /* Table.h */,
			);
			path = Data;
			sourceTree = "<group>";
		};
		E1E738B819FA9B8100C3913B /* Geometry */ = {
			isa = PBXGroup;
			children = (
				E1E738B919FA9B8100C3913B /* Geometry.h */,
				E1E738BA19FA9B8100C3913B /* matrix.h */,
				E1E738BB19FA9B8100C3913B /* MeshModel.h */,
				E1E738BC19FA9B8100C3913B /* MeshModelGroup.cpp */,
				E1E738BD19FA9B8100C3913B /* MeshModelGroup.h */,
				E1E738BE19FA9B8100C3913B /* Path.cpp */,
				E1E738BF19FA9B8100C3913B /* Path.h */,
				E1E738C019FA9B8100C3913B /* Ray.h */,
				E1E738C119FA9B8100C3913B /* RIVVector.h */,
				E1E738C219FA9B8100C3913B /* TriangleMesh.cpp */,
				E1E738C319FA9B8100C3913B /* TriangleMesh.h */,
				E1E738C419FA9B8100C3913B /* Vec3D.h */,
			);
			path = Geometry;
			sourceTree = "<group>";
		};
		E1E738C519FA9B8100C3913B /* Graphics */ = {
			isa = PBXGroup;
			children = (
				E1E738C619FA9B8100C3913B /* BMPImage.cpp */,
				E1E738C719FA9B8100C3913B /* BMPImage.h */,
				E1E738C819FA9B8100C3913B /* ColorMap.cpp */,
				E1E738C919FA9B8100C3913B /* ColorMap.h */,
				E1E738CA19FA9B8100C3913B /* ColorPalette.cpp */,
				E1E738CB19FA9B8100C3913B /* ColorPalette.h */,
				E1E738CC19FA9B8100C3913B /* ColorProperty.h */,
				E1E738CD19FA9B8100C3913B /* Evaluator.h */,
				E1E738CE19FA9B8100C3913B /* graphics_helper.h */,
				E1E738CF19FA9B8100C3913B /* loadppm.cpp */,
				E1E738D019FA9B8100C3913B /* loadppm.h */,
				E1E738D119FA9B8100C3913B /* Property.h */,
				E1E738D219FA9B8100C3913B /* SizeProperty.h */,
			);
			path = Graphics;
			sourceTree = "<group>";
		};
		E1E738D619FA9B8100C3913B /* Octree */ = {
			isa = PBXGroup;
			children = (
				E1E738D719FA9B8100C3913B /* Octree.cpp */,
				E1E738D819FA9B8100C3913B /* Octree.h */,
				E1E738D919FA9B8100C3913B /* OctreeConfig.h */,
				E1E738DA19FA9B8100C3913B /* OctreeNode.cpp */,
				E1E738DB19FA9B8100C3913B /* OctreeNode.h */,
			);
			path = Octree;
			sourceTree = "<group>";
		};
		E1E738E319FA9B8100C3913B /* Views */ = {
			isa = PBXGroup;
			children = (
				E1E738E419FA9B8100C3913B /* 3DView.cpp */,
				E1E738E519FA9B8100C3913B /* 3DView.h */,
				E1E738E619FA9B8100C3913B /* DataView.h */,
				E1E738E719FA9B8100C3913B /* HeatMapView.cpp */,
				E1E738E819FA9B8100C3913B /* HeatMapView.h */,
				E1E738E919FA9B8100C3913B /* ImageView.cpp */,
				E1E738EA19FA9B8100C3913B /* ImageView.h */,
				E1E738EB19FA9B8100C3913B /* ParallelCoordsAxis.cpp */,
				E1E738EC19FA9B8100C3913B /* ParallelCoordsAxis.h */,
				E1E738ED19FA9B8100C3913B /* ParallelCoordsAxisGroup.h */,
				E1E738EE19FA9B8100C3913B /* ParallelCoordsView.cpp */,
				E1E738EF19FA9B8100C3913B /* ParallelCoordsView.h */,
				E1E738F019FA9B8100C3913B /* RenderView.cpp */,
				E1E738F119FA9B8100C3913B /* RenderView.h */,
			);
			path = Views;
			sourceTree = "<group>";
		};
		ED1E82605DD74B483AF3C982 /* External Frameworks and Libraries */ = {
			isa = PBXGroup;
			children = (
				0156CBB4C2D00D9DEFCBDF68 /* QtOpenGL.framework */,
				AA9D9004ACE84CD1D55FED5F /* QtGui.framework */,
				D98F638C7798CC1DDA980D9A /* QtCore.framework */,
				DA18A6831232F53228631AD1 /* OpenGL.framework */,
				C6766F86E49E9C8701C8E637 /* AGL.framework */,
			);
			name = "External Frameworks and Libraries";
			sourceTree = "<Group>";
		};
		ED52FE23E4691EF0078B5BF7 /* Geometry */ = {
			isa = PBXGroup;
			children = (
				5E04A563156F15C30D48D93A /* Geometry.h */,
				463DF4912D56EDAECC6E0CEE /* matrix.h */,
				56F0375F004126F877B7CB49 /* MeshModel.h */,
				540AADC7D4CE7ED95A856BA6 /* Ray.h */,
				37CB75D94B3B4A75ACF32698 /* RIVVector.h */,
				7721818531EDE0881F0D9544 /* TriangleMesh.h */,
				0C115A12B15FB3B39EDF67DF /* Vec3D.h */,
			);
			name = Geometry;
			sourceTree = "<Group>";
		};
		FB61758D0F0FDA4BA867C3D5 /* Sources */ = {
			isa = PBXGroup;
			children = (
				E1E738A219FA9B8100C3913B /* RIV */,
				42363689D6C4F207A3150BFD /* scenewidget.cpp */,
				5B1DD520B96ABF1DDBA23A37 /* imagewidget.cpp */,
				16BBF131D4E394C43C86F444 /* heatmapwidget.cpp */,
				22B8EB497DD4812281107EF2 /* window.cpp */,
				2363DAD9575E694084B4CE84 /* pcwidget.cpp */,
				A40978239745952832E1C4B1 /* renderwidget.cpp */,
			);
			name = Sources;
			sourceTree = "<Group>";
		};
/* End PBXGroup section */

/* Begin PBXNativeTarget section */
		22C451CCE3F99A2E815F7279 /* qt_widgets */ = {
			isa = PBXNativeTarget;
			buildConfigurationList = 17B3380A4D6A7D415E7F2E1E /* Build configuration list for PBXNativeTarget "qt_widgets" */;
			buildPhases = (
				D7BA7D76DAB5DD13389D6332 /* Qt Qmake */,
				A0A52A2ADF7A1E2A99738674 /* Qt Preprocessors */,
				C29B8785722055ED95EF7B57 /* Build Sources */,
				2A1043669E6E5A7426EA502A /* Frameworks & Libraries */,
				3787F99312C85FF0073FD7BA /* Bundle Resources */,
			);
			buildRules = (
			);
			dependencies = (
			);
			name = qt_widgets;
			productName = qt_widgets;
			productReference = E1E7389819FA995B00C3913B /* qt_widgets.app */;
			productType = "com.apple.product-type.application";
		};
/* End PBXNativeTarget section */

/* Begin PBXProject section */
		91B15E841AA80083484172DE /* Project object */ = {
			isa = PBXProject;
			attributes = {
			};
			buildConfigurationList = CC82A9286117DFED018F418F /* Build configuration list for PBXProject "qt_widgets" */;
			compatibilityVersion = "Xcode 2.4";
			developmentRegion = English;
			hasScannedForEncodings = 1;
			knownRegions = (
				en,
			);
			mainGroup = 05596AB53D8D521C69802C27 /* qt_widgets */;
			productRefGroup = E1E7389919FA995B00C3913B /* Products */;
			projectDirPath = "";
			projectRoot = "";
			targets = (
				22C451CCE3F99A2E815F7279 /* qt_widgets */,
			);
		};
/* End PBXProject section */

/* Begin PBXResourcesBuildPhase section */
		3787F99312C85FF0073FD7BA /* Bundle Resources */ = {
			isa = PBXResourcesBuildPhase;
			buildActionMask = 2147483647;
			files = (
			);
			name = "Bundle Resources";
			runOnlyForDeploymentPostprocessing = 0;
		};
/* End PBXResourcesBuildPhase section */

/* Begin PBXShellScriptBuildPhase section */
		A0A52A2ADF7A1E2A99738674 /* Qt Preprocessors */ = {
			isa = PBXShellScriptBuildPhase;
			buildActionMask = 2147483647;
			files = (
			);
			name = "Qt Preprocessors";
			runOnlyForDeploymentPostprocessing = 0;
			shellPath = /bin/sh;
			shellScript = "make -C /Users/gerardsimons/Git/afstuderen_riv -f 'qt_widgets.xcodeproj/qt_preprocess.mak'";
		};
		D7BA7D76DAB5DD13389D6332 /* Qt Qmake */ = {
			isa = PBXShellScriptBuildPhase;
			buildActionMask = 2147483647;
			files = (
			);
			name = "Qt Qmake";
			runOnlyForDeploymentPostprocessing = 0;
			shellPath = /bin/sh;
			shellScript = "make -C /Users/gerardsimons/Git/afstuderen_riv -f 'qt_widgets.xcodeproj/qt_makeqmake.mak'";
		};
/* End PBXShellScriptBuildPhase section */

/* Begin PBXSourcesBuildPhase section */
		C29B8785722055ED95EF7B57 /* Build Sources */ = {
			isa = PBXSourcesBuildPhase;
			buildActionMask = 2147483647;
			files = (
				E1E7390919FA9B8100C3913B /* 3DView.cpp in Build Sources */,
				E1E738F419FA9B8100C3913B /* DataFileReader.cpp in Build Sources */,
				2F09F35312A96D0644BCB8B4 /* scenewidget.cpp in Build Sources */,
				E1E738A119FA9B6400C3913B /* main.cpp in Build Sources */,
				E1E738F219FA9B8100C3913B /* Cluster.cpp in Build Sources */,
				E1E738FD19FA9B8100C3913B /* TriangleMesh.cpp in Build Sources */,
				2627B1CC43FB0AE7C687AC69 /* imagewidget.cpp in Build Sources */,
				E1E7390A19FA9B8100C3913B /* HeatMapView.cpp in Build Sources */,
				3C368707103315D80BD1009A /* heatmapwidget.cpp in Build Sources */,
				E1E7390619FA9B8100C3913B /* PBRTConfig.cpp in Build Sources */,
				E1E7390019FA9B8100C3913B /* ColorPalette.cpp in Build Sources */,
				E1E738FC19FA9B8100C3913B /* Path.cpp in Build Sources */,
				FC203E8953C53F09233D0CFC /* window.cpp in Build Sources */,
				E1E7390E19FA9B8100C3913B /* RenderView.cpp in Build Sources */,
				A0D4D822C714DF16C686CE6C /* pcwidget.cpp in Build Sources */,
				DCA4685AD927BF2E2459D6FF /* renderwidget.cpp in Build Sources */,
				E1E738F319FA9B8100C3913B /* ClusterSet.cpp in Build Sources */,
				14EB63610D49995C4CA3130B /* moc_scenewidget.cpp in Build Sources */,
				E1E738F519FA9B8100C3913B /* DataSet.cpp in Build Sources */,
				E1E7390719FA9B8100C3913B /* README.md in Build Sources */,
				FC7BDB4492DF21D7120123FD /* moc_imagewidget.cpp in Build Sources */,
				E1E738F619FA9B8100C3913B /* Filter.cpp in Build Sources */,
				E1E7390219FA9B8100C3913B /* helper.cpp in Build Sources */,
				10DDFC7092B7CABFAEE9479B /* moc_heatmapwidget.cpp in Build Sources */,
				E1E738F719FA9B8100C3913B /* Iterator.cpp in Build Sources */,
				A8726DBAB1708155C13A0A2A /* moc_window.cpp in Build Sources */,
				E1E7390D19FA9B8100C3913B /* ParallelCoordsView.cpp in Build Sources */,
				E1E7390119FA9B8100C3913B /* loadppm.cpp in Build Sources */,
				E1E738F919FA9B8100C3913B /* Reference.cpp in Build Sources */,
				E1E738FF19FA9B8100C3913B /* ColorMap.cpp in Build Sources */,
				E1E7390519FA9B8100C3913B /* OctreeNode.cpp in Build Sources */,
				E1E7390819FA9B8100C3913B /* reporter.cpp in Build Sources */,
				E1E738FA19FA9B8100C3913B /* Table.cpp in Build Sources */,
				E1E7390B19FA9B8100C3913B /* ImageView.cpp in Build Sources */,
				4425F28C46B65733D1200B38 /* moc_pcwidget.cpp in Build Sources */,
				E1E738F819FA9B8100C3913B /* Record.cpp in Build Sources */,
				E1E7390C19FA9B8100C3913B /* ParallelCoordsAxis.cpp in Build Sources */,
				E1E738FE19FA9B8100C3913B /* BMPImage.cpp in Build Sources */,
				E1E7390419FA9B8100C3913B /* Octree.cpp in Build Sources */,
				E1E738FB19FA9B8100C3913B /* MeshModelGroup.cpp in Build Sources */,
				24C30D167FCD284B10DB7BAF /* moc_renderwidget.cpp in Build Sources */,
			);
			name = "Build Sources";
			runOnlyForDeploymentPostprocessing = 0;
		};
/* End PBXSourcesBuildPhase section */

/* Begin XCBuildConfiguration section */
		4B72B24813252891014BCF61 /* Debug */ = {
			isa = XCBuildConfiguration;
			buildSettings = {
				ARCHS = x86_64;
				CLANG_CXX_LANGUAGE_STANDARD = "gnu++0x";
				CLANG_CXX_LIBRARY = "libc++";
				COPY_PHASE_STRIP = NO;
				FRAMEWORK_SEARCH_PATHS = (
					/usr/local/Cellar/qt/4.8.5/lib,
					/usr/local/Cellar/qt/4.8.5/lib,
					/usr/local/Cellar/qt/4.8.5/lib,
				);
				GCC_GENERATE_DEBUGGING_SYMBOLS = YES;
				GCC_OPTIMIZATION_LEVEL = 0;
				GCC_PREPROCESSOR_DEFINITIONS = PBRT_PROBES_NONE;
				HEADER_SEARCH_PATHS = (
					/usr/local/Cellar/qt/4.8.5/lib/QtCore.framework/Versions/4/Headers,
					/usr/local/Cellar/qt/4.8.5/lib/QtCore.framework/Versions/4/Headers,
					/usr/local/Cellar/qt/4.8.5/lib/QtGui.framework/Versions/4/Headers,
					/usr/local/Cellar/qt/4.8.5/lib/QtGui.framework/Versions/4/Headers,
					/usr/local/Cellar/qt/4.8.5/lib/QtOpenGL.framework/Versions/4/Headers,
					/usr/local/Cellar/qt/4.8.5/lib/QtOpenGL.framework/Versions/4/Headers,
					/usr/local/Cellar/qt/4.8.5/include,
					/System/Library/Frameworks/OpenGL.framework/Versions/A/Headers,
					/System/Library/Frameworks/AGL.framework/Headers,
					.,
					/usr/local/include,
					/System/Library/Frameworks/CarbonCore.framework/Headers,
					"/usr/local/Cellar/qt/4.8.5/mkspecs/macx-xcode",
				);
				INFOPLIST_FILE = Info.plist;
				LIBRARY_SEARCH_PATHS = (
					/usr/local/Cellar/qt/4.8.5/lib,
					/opt/X11/lib,
					/usr/local/Cellar/qt/4.8.5/lib,
					/System/Library/Frameworks/,
				);
				OTHER_CFLAGS = (
					"-pipe",
					"-O2",
					"-Wall",
					"-W",
					"-DQT_NO_DEBUG",
					"-DQT_OPENGL_LIB",
					"-DQT_GUI_LIB",
					"-DQT_CORE_LIB",
					"-DQT_SHARED",
				);
				OTHER_CPLUSPLUSFLAGS = (
					"-pipe",
					"-O2",
					"-Wall",
					"-W",
					"-DQT_NO_DEBUG",
					"-DQT_OPENGL_LIB",
					"-DQT_GUI_LIB",
					"-DQT_CORE_LIB",
					"-DQT_SHARED",
				);
				OTHER_LDFLAGS = (
					"-headerpad_max_install_names",
					"-L/usr/local/Cellar/qt/4.8.5/lib",
					"-F/usr/local/Cellar/qt/4.8.5/lib",
					"-L/opt/X11/lib",
					"-L/usr/local/Cellar/qt/4.8.5/lib",
					"-F/usr/local/Cellar/qt/4.8.5/lib",
				);
				PRODUCT_NAME = qt_widgets;
			};
			name = Debug;
		};
		8C7174830A1E4DCBA0332EC1 /* Release */ = {
			isa = XCBuildConfiguration;
			buildSettings = {
				COPY_PHASE_STRIP = YES;
				GCC_GENERATE_DEBUGGING_SYMBOLS = NO;
				LIBRARY_SEARCH_PATHS = (
					"$(inherited)",
					"$(PROJECT_DIR)/pbrt-v2/src/build/Debug",
				);
				PRODUCT_NAME = qt_widgets;
			};
			name = Release;
		};
		BEC09A62E69C3553534FF35E /* Debug */ = {
			isa = XCBuildConfiguration;
			buildSettings = {
				COPY_PHASE_STRIP = NO;
				GCC_GENERATE_DEBUGGING_SYMBOLS = YES;
				GCC_OPTIMIZATION_LEVEL = 0;
				LIBRARY_SEARCH_PATHS = (
					"$(inherited)",
					"$(PROJECT_DIR)/pbrt-v2/src/build/Debug",
				);
				PRODUCT_NAME = qt_widgets;
			};
			name = Debug;
		};
		D70590BEB531B51029F711BB /* Release */ = {
			isa = XCBuildConfiguration;
			buildSettings = {
				ARCHS = x86_64;
				CLANG_CXX_LANGUAGE_STANDARD = "gnu++0x";
				CLANG_CXX_LIBRARY = "libc++";
				COPY_PHASE_STRIP = YES;
				FRAMEWORK_SEARCH_PATHS = (
					/usr/local/Cellar/qt/4.8.5/lib,
					/usr/local/Cellar/qt/4.8.5/lib,
					/usr/local/Cellar/qt/4.8.5/lib,
				);
				GCC_GENERATE_DEBUGGING_SYMBOLS = NO;
				GCC_PREPROCESSOR_DEFINITIONS = PBRT_PROBES_NONE;
				HEADER_SEARCH_PATHS = (
					/usr/local/Cellar/qt/4.8.5/lib/QtCore.framework/Versions/4/Headers,
					/usr/local/Cellar/qt/4.8.5/lib/QtCore.framework/Versions/4/Headers,
					/usr/local/Cellar/qt/4.8.5/lib/QtGui.framework/Versions/4/Headers,
					/usr/local/Cellar/qt/4.8.5/lib/QtGui.framework/Versions/4/Headers,
					/usr/local/Cellar/qt/4.8.5/lib/QtOpenGL.framework/Versions/4/Headers,
					/usr/local/Cellar/qt/4.8.5/lib/QtOpenGL.framework/Versions/4/Headers,
					/usr/local/Cellar/qt/4.8.5/include,
					/System/Library/Frameworks/OpenGL.framework/Versions/A/Headers,
					/System/Library/Frameworks/AGL.framework/Headers,
					.,
					/usr/local/include,
					/System/Library/Frameworks/CarbonCore.framework/Headers,
					"/usr/local/Cellar/qt/4.8.5/mkspecs/macx-xcode",
				);
				INFOPLIST_FILE = Info.plist;
				LIBRARY_SEARCH_PATHS = (
					/usr/local/Cellar/qt/4.8.5/lib,
					/opt/X11/lib,
					/usr/local/Cellar/qt/4.8.5/lib,
					/System/Library/Frameworks/,
				);
				OTHER_CFLAGS = (
					"-pipe",
					"-O2",
					"-Wall",
					"-W",
					"-DQT_NO_DEBUG",
					"-DQT_OPENGL_LIB",
					"-DQT_GUI_LIB",
					"-DQT_CORE_LIB",
					"-DQT_SHARED",
				);
				OTHER_CPLUSPLUSFLAGS = (
					"-pipe",
					"-O2",
					"-Wall",
					"-W",
					"-DQT_NO_DEBUG",
					"-DQT_OPENGL_LIB",
					"-DQT_GUI_LIB",
					"-DQT_CORE_LIB",
					"-DQT_SHARED",
				);
				OTHER_LDFLAGS = (
					"-headerpad_max_install_names",
					"-L/usr/local/Cellar/qt/4.8.5/lib",
					"-F/usr/local/Cellar/qt/4.8.5/lib",
					"-L/opt/X11/lib",
					"-L/usr/local/Cellar/qt/4.8.5/lib",
					"-F/usr/local/Cellar/qt/4.8.5/lib",
				);
				PRODUCT_NAME = qt_widgets;
			};
			name = Release;
		};
/* End XCBuildConfiguration section */

/* Begin XCConfigurationList section */
		17B3380A4D6A7D415E7F2E1E /* Build configuration list for PBXNativeTarget "qt_widgets" */ = {
			isa = XCConfigurationList;
			buildConfigurations = (
				BEC09A62E69C3553534FF35E /* Debug */,
				8C7174830A1E4DCBA0332EC1 /* Release */,
			);
			defaultConfigurationIsVisible = 0;
			defaultConfigurationName = Release;
		};
		CC82A9286117DFED018F418F /* Build configuration list for PBXProject "qt_widgets" */ = {
			isa = XCConfigurationList;
			buildConfigurations = (
				4B72B24813252891014BCF61 /* Debug */,
				D70590BEB531B51029F711BB /* Release */,
			);
			defaultConfigurationIsVisible = 0;
			defaultConfigurationName = Release;
		};
/* End XCConfigurationList section */
	};
	rootObject = 91B15E841AA80083484172DE /* Project object */;
}
